// !$*UTF8*$!
{
	archiveVersion = 1;
	classes = {
	};
	objectVersion = 46;
	objects = {

/* Begin PBXBuildFile section */
		A3A31C331DA3711E00BA24D0 /* AppDelegate.swift in Sources */ = {isa = PBXBuildFile; fileRef = A3A31C321DA3711E00BA24D0 /* AppDelegate.swift */; };
		A3A31C351DA3711E00BA24D0 /* ViewController.swift in Sources */ = {isa = PBXBuildFile; fileRef = A3A31C341DA3711E00BA24D0 /* ViewController.swift */; };
		A3A31C381DA3711E00BA24D0 /* Main.storyboard in Resources */ = {isa = PBXBuildFile; fileRef = A3A31C361DA3711E00BA24D0 /* Main.storyboard */; };
		A3A31C3A1DA3711E00BA24D0 /* Assets.xcassets in Resources */ = {isa = PBXBuildFile; fileRef = A3A31C391DA3711E00BA24D0 /* Assets.xcassets */; };
		A3A31C3D1DA3711E00BA24D0 /* LaunchScreen.storyboard in Resources */ = {isa = PBXBuildFile; fileRef = A3A31C3B1DA3711E00BA24D0 /* LaunchScreen.storyboard */; };
		A3A31C481DA3711E00BA24D0 /* Hello_iOSTests.swift in Sources */ = {isa = PBXBuildFile; fileRef = A3A31C471DA3711E00BA24D0 /* Hello_iOSTests.swift */; };
		A3A31C531DA3711E00BA24D0 /* Hello_iOSUITests.swift in Sources */ = {isa = PBXBuildFile; fileRef = A3A31C521DA3711E00BA24D0 /* Hello_iOSUITests.swift */; };
/* End PBXBuildFile section */

/* Begin PBXContainerItemProxy section */
		A3A31C441DA3711E00BA24D0 /* PBXContainerItemProxy */ = {
			isa = PBXContainerItemProxy;
			containerPortal = A3A31C271DA3711E00BA24D0 /* Project object */;
			proxyType = 1;
			remoteGlobalIDString = A3A31C2E1DA3711E00BA24D0;
			remoteInfo = "Hello-iOS";
		};
		A3A31C4F1DA3711E00BA24D0 /* PBXContainerItemProxy */ = {
			isa = PBXContainerItemProxy;
			containerPortal = A3A31C271DA3711E00BA24D0 /* Project object */;
			proxyType = 1;
			remoteGlobalIDString = A3A31C2E1DA3711E00BA24D0;
			remoteInfo = "Hello-iOS";
		};
/* End PBXContainerItemProxy section */

/* Begin PBXFileReference section */
		A3A31C2F1DA3711E00BA24D0 /* Hello-iOS.app */ = {isa = PBXFileReference; explicitFileType = wrapper.application; includeInIndex = 0; path = "Hello-iOS.app"; sourceTree = BUILT_PRODUCTS_DIR; };
		A3A31C321DA3711E00BA24D0 /* AppDelegate.swift */ = {isa = PBXFileReference; lastKnownFileType = sourcecode.swift; path = AppDelegate.swift; sourceTree = "<group>"; };
		A3A31C341DA3711E00BA24D0 /* ViewController.swift */ = {isa = PBXFileReference; lastKnownFileType = sourcecode.swift; path = ViewController.swift; sourceTree = "<group>"; };
		A3A31C371DA3711E00BA24D0 /* Base */ = {isa = PBXFileReference; lastKnownFileType = file.storyboard; name = Base; path = Base.lproj/Main.storyboard; sourceTree = "<group>"; };
		A3A31C391DA3711E00BA24D0 /* Assets.xcassets */ = {isa = PBXFileReference; lastKnownFileType = folder.assetcatalog; path = Assets.xcassets; sourceTree = "<group>"; };
		A3A31C3C1DA3711E00BA24D0 /* Base */ = {isa = PBXFileReference; lastKnownFileType = file.storyboard; name = Base; path = Base.lproj/LaunchScreen.storyboard; sourceTree = "<group>"; };
		A3A31C3E1DA3711E00BA24D0 /* Info.plist */ = {isa = PBXFileReference; lastKnownFileType = text.plist.xml; path = Info.plist; sourceTree = "<group>"; };
		A3A31C431DA3711E00BA24D0 /* Hello-iOSTests.xctest */ = {isa = PBXFileReference; explicitFileType = wrapper.cfbundle; includeInIndex = 0; path = "Hello-iOSTests.xctest"; sourceTree = BUILT_PRODUCTS_DIR; };
		A3A31C471DA3711E00BA24D0 /* Hello_iOSTests.swift */ = {isa = PBXFileReference; lastKnownFileType = sourcecode.swift; path = Hello_iOSTests.swift; sourceTree = "<group>"; };
		A3A31C491DA3711E00BA24D0 /* Info.plist */ = {isa = PBXFileReference; lastKnownFileType = text.plist.xml; path = Info.plist; sourceTree = "<group>"; };
		A3A31C4E1DA3711E00BA24D0 /* Hello-iOSUITests.xctest */ = {isa = PBXFileReference; explicitFileType = wrapper.cfbundle; includeInIndex = 0; path = "Hello-iOSUITests.xctest"; sourceTree = BUILT_PRODUCTS_DIR; };
		A3A31C521DA3711E00BA24D0 /* Hello_iOSUITests.swift */ = {isa = PBXFileReference; lastKnownFileType = sourcecode.swift; path = Hello_iOSUITests.swift; sourceTree = "<group>"; };
		A3A31C541DA3711E00BA24D0 /* Info.plist */ = {isa = PBXFileReference; lastKnownFileType = text.plist.xml; path = Info.plist; sourceTree = "<group>"; };
/* End PBXFileReference section */

/* Begin PBXFrameworksBuildPhase section */
		A3A31C2C1DA3711E00BA24D0 /* Frameworks */ = {
			isa = PBXFrameworksBuildPhase;
			buildActionMask = 2147483647;
			files = (
			);
			runOnlyForDeploymentPostprocessing = 0;
		};
		A3A31C401DA3711E00BA24D0 /* Frameworks */ = {
			isa = PBXFrameworksBuildPhase;
			buildActionMask = 2147483647;
			files = (
			);
			runOnlyForDeploymentPostprocessing = 0;
		};
		A3A31C4B1DA3711E00BA24D0 /* Frameworks */ = {
			isa = PBXFrameworksBuildPhase;
			buildActionMask = 2147483647;
			files = (
			);
			runOnlyForDeploymentPostprocessing = 0;
		};
/* End PBXFrameworksBuildPhase section */

/* Begin PBXGroup section */
		A3A31C261DA3711E00BA24D0 = {
			isa = PBXGroup;
			children = (
				A3A31C311DA3711E00BA24D0 /* Hello-iOS */,
				A3A31C461DA3711E00BA24D0 /* Hello-iOSTests */,
				A3A31C511DA3711E00BA24D0 /* Hello-iOSUITests */,
				A3A31C301DA3711E00BA24D0 /* Products */,
			);
			sourceTree = "<group>";
		};
		A3A31C301DA3711E00BA24D0 /* Products */ = {
			isa = PBXGroup;
			children = (
				A3A31C2F1DA3711E00BA24D0 /* Hello-iOS.app */,
				A3A31C431DA3711E00BA24D0 /* Hello-iOSTests.xctest */,
				A3A31C4E1DA3711E00BA24D0 /* Hello-iOSUITests.xctest */,
			);
			name = Products;
			sourceTree = "<group>";
		};
		A3A31C311DA3711E00BA24D0 /* Hello-iOS */ = {
			isa = PBXGroup;
			children = (
				A3A31C321DA3711E00BA24D0 /* AppDelegate.swift */,
				A3A31C341DA3711E00BA24D0 /* ViewController.swift */,
				A3A31C361DA3711E00BA24D0 /* Main.storyboard */,
				A3A31C391DA3711E00BA24D0 /* Assets.xcassets */,
				A3A31C3B1DA3711E00BA24D0 /* LaunchScreen.storyboard */,
				A3A31C3E1DA3711E00BA24D0 /* Info.plist */,
			);
			path = "Hello-iOS";
			sourceTree = "<group>";
		};
		A3A31C461DA3711E00BA24D0 /* Hello-iOSTests */ = {
			isa = PBXGroup;
			children = (
				A3A31C471DA3711E00BA24D0 /* Hello_iOSTests.swift */,
				A3A31C491DA3711E00BA24D0 /* Info.plist */,
			);
			path = "Hello-iOSTests";
			sourceTree = "<group>";
		};
		A3A31C511DA3711E00BA24D0 /* Hello-iOSUITests */ = {
			isa = PBXGroup;
			children = (
				A3A31C521DA3711E00BA24D0 /* Hello_iOSUITests.swift */,
				A3A31C541DA3711E00BA24D0 /* Info.plist */,
			);
			path = "Hello-iOSUITests";
			sourceTree = "<group>";
		};
/* End PBXGroup section */

/* Begin PBXNativeTarget section */
		A3A31C2E1DA3711E00BA24D0 /* Hello-iOS */ = {
			isa = PBXNativeTarget;
			buildConfigurationList = A3A31C571DA3711E00BA24D0 /* Build configuration list for PBXNativeTarget "Hello-iOS" */;
			buildPhases = (
				A3A31C2B1DA3711E00BA24D0 /* Sources */,
				A3A31C2C1DA3711E00BA24D0 /* Frameworks */,
				A3A31C2D1DA3711E00BA24D0 /* Resources */,
			);
			buildRules = (
			);
			dependencies = (
			);
			name = "Hello-iOS";
			productName = "Hello-iOS";
			productReference = A3A31C2F1DA3711E00BA24D0 /* Hello-iOS.app */;
			productType = "com.apple.product-type.application";
		};
		A3A31C421DA3711E00BA24D0 /* Hello-iOSTests */ = {
			isa = PBXNativeTarget;
			buildConfigurationList = A3A31C5A1DA3711E00BA24D0 /* Build configuration list for PBXNativeTarget "Hello-iOSTests" */;
			buildPhases = (
				A3A31C3F1DA3711E00BA24D0 /* Sources */,
				A3A31C401DA3711E00BA24D0 /* Frameworks */,
				A3A31C411DA3711E00BA24D0 /* Resources */,
			);
			buildRules = (
			);
			dependencies = (
				A3A31C451DA3711E00BA24D0 /* PBXTargetDependency */,
			);
			name = "Hello-iOSTests";
			productName = "Hello-iOSTests";
			productReference = A3A31C431DA3711E00BA24D0 /* Hello-iOSTests.xctest */;
			productType = "com.apple.product-type.bundle.unit-test";
		};
		A3A31C4D1DA3711E00BA24D0 /* Hello-iOSUITests */ = {
			isa = PBXNativeTarget;
			buildConfigurationList = A3A31C5D1DA3711E00BA24D0 /* Build configuration list for PBXNativeTarget "Hello-iOSUITests" */;
			buildPhases = (
				A3A31C4A1DA3711E00BA24D0 /* Sources */,
				A3A31C4B1DA3711E00BA24D0 /* Frameworks */,
				A3A31C4C1DA3711E00BA24D0 /* Resources */,
			);
			buildRules = (
			);
			dependencies = (
				A3A31C501DA3711E00BA24D0 /* PBXTargetDependency */,
			);
			name = "Hello-iOSUITests";
			productName = "Hello-iOSUITests";
			productReference = A3A31C4E1DA3711E00BA24D0 /* Hello-iOSUITests.xctest */;
			productType = "com.apple.product-type.bundle.ui-testing";
		};
/* End PBXNativeTarget section */

/* Begin PBXProject section */
		A3A31C271DA3711E00BA24D0 /* Project object */ = {
			isa = PBXProject;
			attributes = {
				LastSwiftUpdateCheck = 0800;
				LastUpgradeCheck = 0800;
				ORGANIZATIONNAME = "sam wahbeh";
				TargetAttributes = {
					A3A31C2E1DA3711E00BA24D0 = {
						CreatedOnToolsVersion = 8.0;
						ProvisioningStyle = Automatic;
					};
					A3A31C421DA3711E00BA24D0 = {
						CreatedOnToolsVersion = 8.0;
						ProvisioningStyle = Automatic;
						TestTargetID = A3A31C2E1DA3711E00BA24D0;
					};
					A3A31C4D1DA3711E00BA24D0 = {
						CreatedOnToolsVersion = 8.0;
						ProvisioningStyle = Automatic;
						TestTargetID = A3A31C2E1DA3711E00BA24D0;
					};
				};
			};
			buildConfigurationList = A3A31C2A1DA3711E00BA24D0 /* Build configuration list for PBXProject "Hello-iOS" */;
			compatibilityVersion = "Xcode 3.2";
			developmentRegion = English;
			hasScannedForEncodings = 0;
			knownRegions = (
				en,
				Base,
			);
			mainGroup = A3A31C261DA3711E00BA24D0;
			productRefGroup = A3A31C301DA3711E00BA24D0 /* Products */;
			projectDirPath = "";
			projectRoot = "";
			targets = (
				A3A31C2E1DA3711E00BA24D0 /* Hello-iOS */,
				A3A31C421DA3711E00BA24D0 /* Hello-iOSTests */,
				A3A31C4D1DA3711E00BA24D0 /* Hello-iOSUITests */,
			);
		};
/* End PBXProject section */

/* Begin PBXResourcesBuildPhase section */
		A3A31C2D1DA3711E00BA24D0 /* Resources */ = {
			isa = PBXResourcesBuildPhase;
			buildActionMask = 2147483647;
			files = (
				A3A31C3D1DA3711E00BA24D0 /* LaunchScreen.storyboard in Resources */,
				A3A31C3A1DA3711E00BA24D0 /* Assets.xcassets in Resources */,
				A3A31C381DA3711E00BA24D0 /* Main.storyboard in Resources */,
			);
			runOnlyForDeploymentPostprocessing = 0;
		};
		A3A31C411DA3711E00BA24D0 /* Resources */ = {
			isa = PBXResourcesBuildPhase;
			buildActionMask = 2147483647;
			files = (
			);
			runOnlyForDeploymentPostprocessing = 0;
		};
		A3A31C4C1DA3711E00BA24D0 /* Resources */ = {
			isa = PBXResourcesBuildPhase;
			buildActionMask = 2147483647;
			files = (
			);
			runOnlyForDeploymentPostprocessing = 0;
		};
/* End PBXResourcesBuildPhase section */

/* Begin PBXSourcesBuildPhase section */
		A3A31C2B1DA3711E00BA24D0 /* Sources */ = {
			isa = PBXSourcesBuildPhase;
			buildActionMask = 2147483647;
			files = (
				A3A31C351DA3711E00BA24D0 /* ViewController.swift in Sources */,
				A3A31C331DA3711E00BA24D0 /* AppDelegate.swift in Sources */,
			);
			runOnlyForDeploymentPostprocessing = 0;
		};
		A3A31C3F1DA3711E00BA24D0 /* Sources */ = {
			isa = PBXSourcesBuildPhase;
			buildActionMask = 2147483647;
			files = (
				A3A31C481DA3711E00BA24D0 /* Hello_iOSTests.swift in Sources */,
			);
			runOnlyForDeploymentPostprocessing = 0;
		};
		A3A31C4A1DA3711E00BA24D0 /* Sources */ = {
			isa = PBXSourcesBuildPhase;
			buildActionMask = 2147483647;
			files = (
				A3A31C531DA3711E00BA24D0 /* Hello_iOSUITests.swift in Sources */,
			);
			runOnlyForDeploymentPostprocessing = 0;
		};
/* End PBXSourcesBuildPhase section */

/* Begin PBXTargetDependency section */
		A3A31C451DA3711E00BA24D0 /* PBXTargetDependency */ = {
			isa = PBXTargetDependency;
			target = A3A31C2E1DA3711E00BA24D0 /* Hello-iOS */;
			targetProxy = A3A31C441DA3711E00BA24D0 /* PBXContainerItemProxy */;
		};
		A3A31C501DA3711E00BA24D0 /* PBXTargetDependency */ = {
			isa = PBXTargetDependency;
			target = A3A31C2E1DA3711E00BA24D0 /* Hello-iOS */;
			targetProxy = A3A31C4F1DA3711E00BA24D0 /* PBXContainerItemProxy */;
		};
/* End PBXTargetDependency section */

/* Begin PBXVariantGroup section */
		A3A31C361DA3711E00BA24D0 /* Main.storyboard */ = {
			isa = PBXVariantGroup;
			children = (
				A3A31C371DA3711E00BA24D0 /* Base */,
			);
			name = Main.storyboard;
			sourceTree = "<group>";
		};
		A3A31C3B1DA3711E00BA24D0 /* LaunchScreen.storyboard */ = {
			isa = PBXVariantGroup;
			children = (
				A3A31C3C1DA3711E00BA24D0 /* Base */,
			);
			name = LaunchScreen.storyboard;
			sourceTree = "<group>";
		};
/* End PBXVariantGroup section */

/* Begin XCBuildConfiguration section */
		A3A31C551DA3711E00BA24D0 /* Debug */ = {
			isa = XCBuildConfiguration;
			buildSettings = {
				ALWAYS_SEARCH_USER_PATHS = NO;
				CLANG_ANALYZER_NONNULL = YES;
				CLANG_CXX_LANGUAGE_STANDARD = "gnu++0x";
				CLANG_CXX_LIBRARY = "libc++";
				CLANG_ENABLE_MODULES = YES;
				CLANG_ENABLE_OBJC_ARC = YES;
				CLANG_WARN_BOOL_CONVERSION = YES;
				CLANG_WARN_CONSTANT_CONVERSION = YES;
				CLANG_WARN_DIRECT_OBJC_ISA_USAGE = YES_ERROR;
				CLANG_WARN_DOCUMENTATION_COMMENTS = YES;
				CLANG_WARN_EMPTY_BODY = YES;
				CLANG_WARN_ENUM_CONVERSION = YES;
				CLANG_WARN_INFINITE_RECURSION = YES;
				CLANG_WARN_INT_CONVERSION = YES;
				CLANG_WARN_OBJC_ROOT_CLASS = YES_ERROR;
				CLANG_WARN_SUSPICIOUS_MOVES = YES;
				CLANG_WARN_UNREACHABLE_CODE = YES;
				CLANG_WARN__DUPLICATE_METHOD_MATCH = YES;
				"CODE_SIGN_IDENTITY[sdk=iphoneos*]" = "iPhone Developer";
				COPY_PHASE_STRIP = NO;
				DEBUG_INFORMATION_FORMAT = dwarf;
				ENABLE_STRICT_OBJC_MSGSEND = YES;
				ENABLE_TESTABILITY = YES;
				GCC_C_LANGUAGE_STANDARD = gnu99;
				GCC_DYNAMIC_NO_PIC = NO;
				GCC_NO_COMMON_BLOCKS = YES;
				GCC_OPTIMIZATION_LEVEL = 0;
				GCC_PREPROCESSOR_DEFINITIONS = (
					"DEBUG=1",
					"$(inherited)",
				);
				GCC_WARN_64_TO_32_BIT_CONVERSION = YES;
				GCC_WARN_ABOUT_RETURN_TYPE = YES_ERROR;
				GCC_WARN_UNDECLARED_SELECTOR = YES;
				GCC_WARN_UNINITIALIZED_AUTOS = YES_AGGRESSIVE;
				GCC_WARN_UNUSED_FUNCTION = YES;
				GCC_WARN_UNUSED_VARIABLE = YES;
				IPHONEOS_DEPLOYMENT_TARGET = 10.0;
				MTL_ENABLE_DEBUG_INFO = YES;
				ONLY_ACTIVE_ARCH = YES;
				SDKROOT = iphoneos;
				SWIFT_ACTIVE_COMPILATION_CONDITIONS = DEBUG;
				SWIFT_OPTIMIZATION_LEVEL = "-Onone";
				TARGETED_DEVICE_FAMILY = "1,2";
			};
			name = Debug;
		};
		A3A31C561DA3711E00BA24D0 /* Release */ = {
			isa = XCBuildConfiguration;
			buildSettings = {
				ALWAYS_SEARCH_USER_PATHS = NO;
				CLANG_ANALYZER_NONNULL = YES;
				CLANG_CXX_LANGUAGE_STANDARD = "gnu++0x";
				CLANG_CXX_LIBRARY = "libc++";
				CLANG_ENABLE_MODULES = YES;
				CLANG_ENABLE_OBJC_ARC = YES;
				CLANG_WARN_BOOL_CONVERSION = YES;
				CLANG_WARN_CONSTANT_CONVERSION = YES;
				CLANG_WARN_DIRECT_OBJC_ISA_USAGE = YES_ERROR;
				CLANG_WARN_DOCUMENTATION_COMMENTS = YES;
				CLANG_WARN_EMPTY_BODY = YES;
				CLANG_WARN_ENUM_CONVERSION = YES;
				CLANG_WARN_INFINITE_RECURSION = YES;
				CLANG_WARN_INT_CONVERSION = YES;
				CLANG_WARN_OBJC_ROOT_CLASS = YES_ERROR;
				CLANG_WARN_SUSPICIOUS_MOVES = YES;
				CLANG_WARN_UNREACHABLE_CODE = YES;
				CLANG_WARN__DUPLICATE_METHOD_MATCH = YES;
				"CODE_SIGN_IDENTITY[sdk=iphoneos*]" = "iPhone Developer";
				COPY_PHASE_STRIP = NO;
				DEBUG_INFORMATION_FORMAT = "dwarf-with-dsym";
				ENABLE_NS_ASSERTIONS = NO;
				ENABLE_STRICT_OBJC_MSGSEND = YES;
				GCC_C_LANGUAGE_STANDARD = gnu99;
				GCC_NO_COMMON_BLOCKS = YES;
				GCC_WARN_64_TO_32_BIT_CONVERSION = YES;
				GCC_WARN_ABOUT_RETURN_TYPE = YES_ERROR;
				GCC_WARN_UNDECLARED_SELECTOR = YES;
				GCC_WARN_UNINITIALIZED_AUTOS = YES_AGGRESSIVE;
				GCC_WARN_UNUSED_FUNCTION = YES;
				GCC_WARN_UNUSED_VARIABLE = YES;
				IPHONEOS_DEPLOYMENT_TARGET = 10.0;
				MTL_ENABLE_DEBUG_INFO = NO;
				SDKROOT = iphoneos;
				SWIFT_OPTIMIZATION_LEVEL = "-Owholemodule";
				TARGETED_DEVICE_FAMILY = "1,2";
				VALIDATE_PRODUCT = YES;
			};
			name = Release;
		};
		A3A31C581DA3711E00BA24D0 /* Debug */ = {
			isa = XCBuildConfiguration;
			buildSettings = {
				ASSETCATALOG_COMPILER_APPICON_NAME = AppIcon;
				INFOPLIST_FILE = "Hello-iOS/Info.plist";
				LD_RUNPATH_SEARCH_PATHS = "$(inherited) @executable_path/Frameworks";
				PRODUCT_BUNDLE_IDENTIFIER = "info498.Hello-iOS";
				PRODUCT_NAME = "$(TARGET_NAME)";
				SWIFT_VERSION = 3.0;
			};
			name = Debug;
		};
		A3A31C591DA3711E00BA24D0 /* Release */ = {
			isa = XCBuildConfiguration;
			buildSettings = {
				ASSETCATALOG_COMPILER_APPICON_NAME = AppIcon;
				INFOPLIST_FILE = "Hello-iOS/Info.plist";
				LD_RUNPATH_SEARCH_PATHS = "$(inherited) @executable_path/Frameworks";
				PRODUCT_BUNDLE_IDENTIFIER = "info498.Hello-iOS";
				PRODUCT_NAME = "$(TARGET_NAME)";
				SWIFT_VERSION = 3.0;
			};
			name = Release;
		};
		A3A31C5B1DA3711E00BA24D0 /* Debug */ = {
			isa = XCBuildConfiguration;
			buildSettings = {
				ALWAYS_EMBED_SWIFT_STANDARD_LIBRARIES = YES;
				BUNDLE_LOADER = "$(TEST_HOST)";
				INFOPLIST_FILE = "Hello-iOSTests/Info.plist";
				LD_RUNPATH_SEARCH_PATHS = "$(inherited) @executable_path/Frameworks @loader_path/Frameworks";
				PRODUCT_BUNDLE_IDENTIFIER = "info498.Hello-iOSTests";
				PRODUCT_NAME = "$(TARGET_NAME)";
				SWIFT_VERSION = 3.0;
				TEST_HOST = "$(BUILT_PRODUCTS_DIR)/Hello-iOS.app/Hello-iOS";
			};
			name = Debug;
		};
		A3A31C5C1DA3711E00BA24D0 /* Release */ = {
			isa = XCBuildConfiguration;
			buildSettings = {
				ALWAYS_EMBED_SWIFT_STANDARD_LIBRARIES = YES;
				BUNDLE_LOADER = "$(TEST_HOST)";
				INFOPLIST_FILE = "Hello-iOSTests/Info.plist";
				LD_RUNPATH_SEARCH_PATHS = "$(inherited) @executable_path/Frameworks @loader_path/Frameworks";
				PRODUCT_BUNDLE_IDENTIFIER = "info498.Hello-iOSTests";
				PRODUCT_NAME = "$(TARGET_NAME)";
				SWIFT_VERSION = 3.0;
				TEST_HOST = "$(BUILT_PRODUCTS_DIR)/Hello-iOS.app/Hello-iOS";
			};
			name = Release;
		};
		A3A31C5E1DA3711E00BA24D0 /* Debug */ = {
			isa = XCBuildConfiguration;
			buildSettings = {
				ALWAYS_EMBED_SWIFT_STANDARD_LIBRARIES = YES;
				INFOPLIST_FILE = "Hello-iOSUITests/Info.plist";
				LD_RUNPATH_SEARCH_PATHS = "$(inherited) @executable_path/Frameworks @loader_path/Frameworks";
				PRODUCT_BUNDLE_IDENTIFIER = "info498.Hello-iOSUITests";
				PRODUCT_NAME = "$(TARGET_NAME)";
				SWIFT_VERSION = 3.0;
				TEST_TARGET_NAME = "Hello-iOS";
			};
			name = Debug;
		};
		A3A31C5F1DA3711E00BA24D0 /* Release */ = {
			isa = XCBuildConfiguration;
			buildSettings = {
				ALWAYS_EMBED_SWIFT_STANDARD_LIBRARIES = YES;
				INFOPLIST_FILE = "Hello-iOSUITests/Info.plist";
				LD_RUNPATH_SEARCH_PATHS = "$(inherited) @executable_path/Frameworks @loader_path/Frameworks";
				PRODUCT_BUNDLE_IDENTIFIER = "info498.Hello-iOSUITests";
				PRODUCT_NAME = "$(TARGET_NAME)";
				SWIFT_VERSION = 3.0;
				TEST_TARGET_NAME = "Hello-iOS";
			};
			name = Release;
		};
/* End XCBuildConfiguration section */

/* Begin XCConfigurationList section */
		A3A31C2A1DA3711E00BA24D0 /* Build configuration list for PBXProject "Hello-iOS" */ = {
			isa = XCConfigurationList;
			buildConfigurations = (
				A3A31C551DA3711E00BA24D0 /* Debug */,
				A3A31C561DA3711E00BA24D0 /* Release */,
			);
			defaultConfigurationIsVisible = 0;
			defaultConfigurationName = Release;
		};
		A3A31C571DA3711E00BA24D0 /* Build configuration list for PBXNativeTarget "Hello-iOS" */ = {
			isa = XCConfigurationList;
			buildConfigurations = (
				A3A31C581DA3711E00BA24D0 /* Debug */,
				A3A31C591DA3711E00BA24D0 /* Release */,
			);
			defaultConfigurationIsVisible = 0;
		};
		A3A31C5A1DA3711E00BA24D0 /* Build configuration list for PBXNativeTarget "Hello-iOSTests" */ = {
			isa = XCConfigurationList;
			buildConfigurations = (
				A3A31C5B1DA3711E00BA24D0 /* Debug */,
				A3A31C5C1DA3711E00BA24D0 /* Release */,
			);
			defaultConfigurationIsVisible = 0;
		};
		A3A31C5D1DA3711E00BA24D0 /* Build configuration list for PBXNativeTarget "Hello-iOSUITests" */ = {
			isa = XCConfigurationList;
			buildConfigurations = (
				A3A31C5E1DA3711E00BA24D0 /* Debug */,
				A3A31C5F1DA3711E00BA24D0 /* Release */,
			);
			defaultConfigurationIsVisible = 0;
		};
/* End XCConfigurationList section */
	};
	rootObject = A3A31C271DA3711E00BA24D0 /* Project object */;
}
